
Microsoft Visual Studio Solution File, Format Version 12.00
# Visual Studio Version 16
VisualStudioVersion = 16.0.28606.126
MinimumVisualStudioVersion = 10.0.40219.1
Project("{FAE04EC0-301F-11D3-BF4B-00C04F79EFBC}") = "PhidgetIoT", "PhidgetIoT\PhidgetIoT.csproj", "{F9A67A27-4CBC-4D0B-AFCF-814D635392F4}"
EndProject
Global
	GlobalSection(SolutionConfigurationPlatforms) = preSolution
		Debug|Any CPU = Debug|Any CPU
		Release|Any CPU = Release|Any CPU
	EndGlobalSection
	GlobalSection(ProjectConfigurationPlatforms) = postSolution
		{F9A67A27-4CBC-4D0B-AFCF-814D635392F4}.Debug|Any CPU.ActiveCfg = Debug|Any CPU
		{F9A67A27-4CBC-4D0B-AFCF-814D635392F4}.Debug|Any CPU.Build.0 = Debug|Any CPU
		{F9A67A27-4CBC-4D0B-AFCF-814D635392F4}.Release|Any CPU.ActiveCfg = Release|Any CPU
		{F9A67A27-4CBC-4D0B-AFCF-814D635392F4}.Release|Any CPU.Build.0 = Release|Any CPU
	EndGlobalSection
	GlobalSection(SolutionProperties) = preSolution
		HideSolutionNode = FALSE
	EndGlobalSection
	GlobalSection(ExtensibilityGlobals) = postSolution
		SolutionGuid = {70CBDA03-B2F9-4556-A01E-6BE38C714125}
	EndGlobalSection
EndGlobal
